
Microsoft Visual Studio Solution File, Format Version 12.00
# Visual Studio Version 17
VisualStudioVersion = 17.4.33213.308
MinimumVisualStudioVersion = 10.0.40219.1
Project("{FAE04EC0-301F-11D3-BF4B-00C04F79EFBC}") = "CBDetectorCSharp", "CBDetectorCSharp\CBDetectorCSharp.csproj", "{00640111-AA67-4CB5-9809-9F9D31A67B29}"
EndProject
Global
	GlobalSection(SolutionConfigurationPlatforms) = preSolution
		Debug|Any CPU = Debug|Any CPU
		Release|Any CPU = Release|Any CPU
	EndGlobalSection
	GlobalSection(ProjectConfigurationPlatforms) = postSolution
		{00640111-AA67-4CB5-9809-9F9D31A67B29}.Debug|Any CPU.ActiveCfg = Debug|Any CPU
		{00640111-AA67-4CB5-9809-9F9D31A67B29}.Debug|Any CPU.Build.0 = Debug|Any CPU
		{00640111-AA67-4CB5-9809-9F9D31A67B29}.Release|Any CPU.ActiveCfg = Release|Any CPU
		{00640111-AA67-4CB5-9809-9F9D31A67B29}.Release|Any CPU.Build.0 = Release|Any CPU
	EndGlobalSection
	GlobalSection(SolutionProperties) = preSolution
		HideSolutionNode = FALSE
	EndGlobalSection
	GlobalSection(ExtensibilityGlobals) = postSolution
		SolutionGuid = {DFA2BB88-3A58-443F-A916-0CC7D280AED0}
	EndGlobalSection
EndGlobal
